// !$*UTF8*$!
{
	archiveVersion = 1;
	classes = {
	};
	objectVersion = 46;
	objects = {

/* Begin PBXBuildFile section */
		3F4AE8611D5D7E2400951EA3 /* OnePlayListController.m in Sources */ = {isa = PBXBuildFile; fileRef = 3F4AE8601D5D7E2400951EA3 /* OnePlayListController.m */; };
		3F6A84981D5F3572003268C5 /* AVFoundation.framework in Frameworks */ = {isa = PBXBuildFile; fileRef = 3F6A84971D5F3572003268C5 /* AVFoundation.framework */; };
		3FE4DB481D5D5BD400A07CB5 /* main.m in Sources */ = {isa = PBXBuildFile; fileRef = 3FE4DB471D5D5BD400A07CB5 /* main.m */; };
		3FE4DB4B1D5D5BD400A07CB5 /* AppDelegate.m in Sources */ = {isa = PBXBuildFile; fileRef = 3FE4DB4A1D5D5BD400A07CB5 /* AppDelegate.m */; };
		3FE4DB531D5D5BD400A07CB5 /* Assets.xcassets in Resources */ = {isa = PBXBuildFile; fileRef = 3FE4DB521D5D5BD400A07CB5 /* Assets.xcassets */; };
		3FE4DB621D5D64AC00A07CB5 /* AllPlayListController.m in Sources */ = {isa = PBXBuildFile; fileRef = 3FE4DB611D5D64AC00A07CB5 /* AllPlayListController.m */; };
		3FE4DB641D5D662B00A07CB5 /* MediaPlayer.framework in Frameworks */ = {isa = PBXBuildFile; fileRef = 3FE4DB631D5D662B00A07CB5 /* MediaPlayer.framework */; };
		8E0A0FFF1F662FEE000A4DE6 /* PlayingListHeaderCell.m in Sources */ = {isa = PBXBuildFile; fileRef = 8E0A0FFD1F662FEE000A4DE6 /* PlayingListHeaderCell.m */; };
		8E0A10001F662FEE000A4DE6 /* PlayingListHeaderCell.xib in Resources */ = {isa = PBXBuildFile; fileRef = 8E0A0FFE1F662FEE000A4DE6 /* PlayingListHeaderCell.xib */; };
		8E0A10091F66356F000A4DE6 /* ShufflePlayHeaderCell.m in Sources */ = {isa = PBXBuildFile; fileRef = 8E0A10071F66356F000A4DE6 /* ShufflePlayHeaderCell.m */; };
		8E0A100A1F66356F000A4DE6 /* ShufflePlayHeaderCell.xib in Resources */ = {isa = PBXBuildFile; fileRef = 8E0A10081F66356F000A4DE6 /* ShufflePlayHeaderCell.xib */; };
		8E8E14F91F622FC10093459D /* Main.storyboard in Resources */ = {isa = PBXBuildFile; fileRef = 8E8E14F81F622FC10093459D /* Main.storyboard */; };
		8E8E14FB1F622FCD0093459D /* LaunchScreen.storyboard in Resources */ = {isa = PBXBuildFile; fileRef = 8E8E14FA1F622FCD0093459D /* LaunchScreen.storyboard */; };
		8E8E14FE1F62301B0093459D /* BaseTableViewController.m in Sources */ = {isa = PBXBuildFile; fileRef = 8E8E14FD1F62301B0093459D /* BaseTableViewController.m */; };
		8E8E15011F6230A60093459D /* AudioPlayer.m in Sources */ = {isa = PBXBuildFile; fileRef = 8E8E15001F6230A60093459D /* AudioPlayer.m */; };
		8E8E15041F6233310093459D /* CustomTabController.m in Sources */ = {isa = PBXBuildFile; fileRef = 8E8E15031F6233310093459D /* CustomTabController.m */; };
		8E8E15071F6233F40093459D /* MediaQuery.m in Sources */ = {isa = PBXBuildFile; fileRef = 8E8E15061F6233F40093459D /* MediaQuery.m */; };
		8E8E150A1F6236020093459D /* PlayingView.m in Sources */ = {isa = PBXBuildFile; fileRef = 8E8E15091F6236020093459D /* PlayingView.m */; };
		8E8E150C1F6236160093459D /* PlayingView.xib in Resources */ = {isa = PBXBuildFile; fileRef = 8E8E150B1F6236160093459D /* PlayingView.xib */; };
		8E8E15101F62412E0093459D /* PlayListCell.m in Sources */ = {isa = PBXBuildFile; fileRef = 8E8E150E1F62412E0093459D /* PlayListCell.m */; };
		8E8E15111F62412E0093459D /* PlayListCell.xib in Resources */ = {isa = PBXBuildFile; fileRef = 8E8E150F1F62412E0093459D /* PlayListCell.xib */; };
		8E8E15181F624C2D0093459D /* SongCell.m in Sources */ = {isa = PBXBuildFile; fileRef = 8E8E15161F624C2D0093459D /* SongCell.m */; };
		8E8E15191F624C2D0093459D /* SongCell.xib in Resources */ = {isa = PBXBuildFile; fileRef = 8E8E15171F624C2D0093459D /* SongCell.xib */; };
		8E8E151C1F629BDD0093459D /* PlayingInfoModel.m in Sources */ = {isa = PBXBuildFile; fileRef = 8E8E151B1F629BDD0093459D /* PlayingInfoModel.m */; };
		8EA31FD51F678C2F005600AD /* PlayingProgressButton.m in Sources */ = {isa = PBXBuildFile; fileRef = 8EA31FD41F678C2F005600AD /* PlayingProgressButton.m */; };
/* End PBXBuildFile section */

/* Begin PBXFileReference section */
		3F4AE85F1D5D7E2400951EA3 /* OnePlayListController.h */ = {isa = PBXFileReference; fileEncoding = 4; lastKnownFileType = sourcecode.c.h; path = OnePlayListController.h; sourceTree = "<group>"; };
		3F4AE8601D5D7E2400951EA3 /* OnePlayListController.m */ = {isa = PBXFileReference; fileEncoding = 4; lastKnownFileType = sourcecode.c.objc; path = OnePlayListController.m; sourceTree = "<group>"; };
		3F6A84971D5F3572003268C5 /* AVFoundation.framework */ = {isa = PBXFileReference; lastKnownFileType = wrapper.framework; name = AVFoundation.framework; path = System/Library/Frameworks/AVFoundation.framework; sourceTree = SDKROOT; };
		3FE4DB431D5D5BD400A07CB5 /* mux.app */ = {isa = PBXFileReference; explicitFileType = wrapper.application; includeInIndex = 0; path = mux.app; sourceTree = BUILT_PRODUCTS_DIR; };
		3FE4DB471D5D5BD400A07CB5 /* main.m */ = {isa = PBXFileReference; lastKnownFileType = sourcecode.c.objc; path = main.m; sourceTree = "<group>"; };
		3FE4DB491D5D5BD400A07CB5 /* AppDelegate.h */ = {isa = PBXFileReference; lastKnownFileType = sourcecode.c.h; path = AppDelegate.h; sourceTree = "<group>"; };
		3FE4DB4A1D5D5BD400A07CB5 /* AppDelegate.m */ = {isa = PBXFileReference; lastKnownFileType = sourcecode.c.objc; path = AppDelegate.m; sourceTree = "<group>"; };
		3FE4DB521D5D5BD400A07CB5 /* Assets.xcassets */ = {isa = PBXFileReference; lastKnownFileType = folder.assetcatalog; path = Assets.xcassets; sourceTree = "<group>"; };
		3FE4DB571D5D5BD400A07CB5 /* Info.plist */ = {isa = PBXFileReference; lastKnownFileType = text.plist.xml; path = Info.plist; sourceTree = "<group>"; };
		3FE4DB601D5D64AC00A07CB5 /* AllPlayListController.h */ = {isa = PBXFileReference; fileEncoding = 4; lastKnownFileType = sourcecode.c.h; path = AllPlayListController.h; sourceTree = "<group>"; };
		3FE4DB611D5D64AC00A07CB5 /* AllPlayListController.m */ = {isa = PBXFileReference; fileEncoding = 4; lastKnownFileType = sourcecode.c.objc; path = AllPlayListController.m; sourceTree = "<group>"; };
		3FE4DB631D5D662B00A07CB5 /* MediaPlayer.framework */ = {isa = PBXFileReference; lastKnownFileType = wrapper.framework; name = MediaPlayer.framework; path = System/Library/Frameworks/MediaPlayer.framework; sourceTree = SDKROOT; };
		8E0A0FFC1F662FEE000A4DE6 /* PlayingListHeaderCell.h */ = {isa = PBXFileReference; fileEncoding = 4; lastKnownFileType = sourcecode.c.h; path = PlayingListHeaderCell.h; sourceTree = "<group>"; };
		8E0A0FFD1F662FEE000A4DE6 /* PlayingListHeaderCell.m */ = {isa = PBXFileReference; fileEncoding = 4; lastKnownFileType = sourcecode.c.objc; path = PlayingListHeaderCell.m; sourceTree = "<group>"; };
		8E0A0FFE1F662FEE000A4DE6 /* PlayingListHeaderCell.xib */ = {isa = PBXFileReference; fileEncoding = 4; lastKnownFileType = file.xib; path = PlayingListHeaderCell.xib; sourceTree = "<group>"; };
		8E0A10061F66356F000A4DE6 /* ShufflePlayHeaderCell.h */ = {isa = PBXFileReference; fileEncoding = 4; lastKnownFileType = sourcecode.c.h; path = ShufflePlayHeaderCell.h; sourceTree = "<group>"; };
		8E0A10071F66356F000A4DE6 /* ShufflePlayHeaderCell.m */ = {isa = PBXFileReference; fileEncoding = 4; lastKnownFileType = sourcecode.c.objc; path = ShufflePlayHeaderCell.m; sourceTree = "<group>"; };
		8E0A10081F66356F000A4DE6 /* ShufflePlayHeaderCell.xib */ = {isa = PBXFileReference; fileEncoding = 4; lastKnownFileType = file.xib; path = ShufflePlayHeaderCell.xib; sourceTree = "<group>"; };
		8E8E14F81F622FC10093459D /* Main.storyboard */ = {isa = PBXFileReference; fileEncoding = 4; lastKnownFileType = file.storyboard; path = Main.storyboard; sourceTree = "<group>"; };
		8E8E14FA1F622FCD0093459D /* LaunchScreen.storyboard */ = {isa = PBXFileReference; fileEncoding = 4; lastKnownFileType = file.storyboard; path = LaunchScreen.storyboard; sourceTree = "<group>"; };
		8E8E14FC1F62301B0093459D /* BaseTableViewController.h */ = {isa = PBXFileReference; fileEncoding = 4; lastKnownFileType = sourcecode.c.h; path = BaseTableViewController.h; sourceTree = "<group>"; };
		8E8E14FD1F62301B0093459D /* BaseTableViewController.m */ = {isa = PBXFileReference; fileEncoding = 4; lastKnownFileType = sourcecode.c.objc; path = BaseTableViewController.m; sourceTree = "<group>"; };
		8E8E14FF1F6230A60093459D /* AudioPlayer.h */ = {isa = PBXFileReference; fileEncoding = 4; lastKnownFileType = sourcecode.c.h; path = AudioPlayer.h; sourceTree = "<group>"; };
		8E8E15001F6230A60093459D /* AudioPlayer.m */ = {isa = PBXFileReference; fileEncoding = 4; lastKnownFileType = sourcecode.c.objc; path = AudioPlayer.m; sourceTree = "<group>"; };
		8E8E15021F6233310093459D /* CustomTabController.h */ = {isa = PBXFileReference; fileEncoding = 4; lastKnownFileType = sourcecode.c.h; path = CustomTabController.h; sourceTree = "<group>"; };
		8E8E15031F6233310093459D /* CustomTabController.m */ = {isa = PBXFileReference; fileEncoding = 4; lastKnownFileType = sourcecode.c.objc; path = CustomTabController.m; sourceTree = "<group>"; };
		8E8E15051F6233F40093459D /* MediaQuery.h */ = {isa = PBXFileReference; fileEncoding = 4; lastKnownFileType = sourcecode.c.h; path = MediaQuery.h; sourceTree = "<group>"; };
		8E8E15061F6233F40093459D /* MediaQuery.m */ = {isa = PBXFileReference; fileEncoding = 4; lastKnownFileType = sourcecode.c.objc; path = MediaQuery.m; sourceTree = "<group>"; };
		8E8E15081F6236020093459D /* PlayingView.h */ = {isa = PBXFileReference; fileEncoding = 4; lastKnownFileType = sourcecode.c.h; path = PlayingView.h; sourceTree = "<group>"; };
		8E8E15091F6236020093459D /* PlayingView.m */ = {isa = PBXFileReference; fileEncoding = 4; lastKnownFileType = sourcecode.c.objc; path = PlayingView.m; sourceTree = "<group>"; };
		8E8E150B1F6236160093459D /* PlayingView.xib */ = {isa = PBXFileReference; fileEncoding = 4; lastKnownFileType = file.xib; path = PlayingView.xib; sourceTree = "<group>"; };
		8E8E150D1F62412E0093459D /* PlayListCell.h */ = {isa = PBXFileReference; fileEncoding = 4; lastKnownFileType = sourcecode.c.h; path = PlayListCell.h; sourceTree = "<group>"; };
		8E8E150E1F62412E0093459D /* PlayListCell.m */ = {isa = PBXFileReference; fileEncoding = 4; lastKnownFileType = sourcecode.c.objc; path = PlayListCell.m; sourceTree = "<group>"; };
		8E8E150F1F62412E0093459D /* PlayListCell.xib */ = {isa = PBXFileReference; fileEncoding = 4; lastKnownFileType = file.xib; path = PlayListCell.xib; sourceTree = "<group>"; };
		8E8E15151F624C2D0093459D /* SongCell.h */ = {isa = PBXFileReference; fileEncoding = 4; lastKnownFileType = sourcecode.c.h; path = SongCell.h; sourceTree = "<group>"; };
		8E8E15161F624C2D0093459D /* SongCell.m */ = {isa = PBXFileReference; fileEncoding = 4; lastKnownFileType = sourcecode.c.objc; path = SongCell.m; sourceTree = "<group>"; };
		8E8E15171F624C2D0093459D /* SongCell.xib */ = {isa = PBXFileReference; fileEncoding = 4; lastKnownFileType = file.xib; path = SongCell.xib; sourceTree = "<group>"; };
		8E8E151A1F629BDD0093459D /* PlayingInfoModel.h */ = {isa = PBXFileReference; fileEncoding = 4; lastKnownFileType = sourcecode.c.h; path = PlayingInfoModel.h; sourceTree = "<group>"; };
		8E8E151B1F629BDD0093459D /* PlayingInfoModel.m */ = {isa = PBXFileReference; fileEncoding = 4; lastKnownFileType = sourcecode.c.objc; path = PlayingInfoModel.m; sourceTree = "<group>"; };
		8EA31FD31F678C2F005600AD /* PlayingProgressButton.h */ = {isa = PBXFileReference; fileEncoding = 4; lastKnownFileType = sourcecode.c.h; path = PlayingProgressButton.h; sourceTree = "<group>"; };
		8EA31FD41F678C2F005600AD /* PlayingProgressButton.m */ = {isa = PBXFileReference; fileEncoding = 4; lastKnownFileType = sourcecode.c.objc; path = PlayingProgressButton.m; sourceTree = "<group>"; };
/* End PBXFileReference section */

/* Begin PBXFrameworksBuildPhase section */
		3FE4DB401D5D5BD400A07CB5 /* Frameworks */ = {
			isa = PBXFrameworksBuildPhase;
			buildActionMask = 2147483647;
			files = (
				3F6A84981D5F3572003268C5 /* AVFoundation.framework in Frameworks */,
				3FE4DB641D5D662B00A07CB5 /* MediaPlayer.framework in Frameworks */,
			);
			runOnlyForDeploymentPostprocessing = 0;
		};
/* End PBXFrameworksBuildPhase section */

/* Begin PBXGroup section */
		3FE4DB3A1D5D5BD400A07CB5 = {
			isa = PBXGroup;
			children = (
				3F6A84971D5F3572003268C5 /* AVFoundation.framework */,
				3FE4DB631D5D662B00A07CB5 /* MediaPlayer.framework */,
				3FE4DB451D5D5BD400A07CB5 /* mux */,
				3FE4DB441D5D5BD400A07CB5 /* Products */,
			);
			sourceTree = "<group>";
		};
		3FE4DB441D5D5BD400A07CB5 /* Products */ = {
			isa = PBXGroup;
			children = (
				3FE4DB431D5D5BD400A07CB5 /* mux.app */,
			);
			name = Products;
			sourceTree = "<group>";
		};
		3FE4DB451D5D5BD400A07CB5 /* mux */ = {
			isa = PBXGroup;
			children = (
				8E8E15141F6242DE0093459D /* Controllers */,
				8E8E15131F6242CC0093459D /* Tools */,
				8E8E15121F6242B90093459D /* Views */,
				3FE4DB491D5D5BD400A07CB5 /* AppDelegate.h */,
				3FE4DB4A1D5D5BD400A07CB5 /* AppDelegate.m */,
				8E8E14F81F622FC10093459D /* Main.storyboard */,
				8E8E14FA1F622FCD0093459D /* LaunchScreen.storyboard */,
				3FE4DB521D5D5BD400A07CB5 /* Assets.xcassets */,
				3FE4DB571D5D5BD400A07CB5 /* Info.plist */,
				3FE4DB461D5D5BD400A07CB5 /* Supporting Files */,
			);
			path = mux;
			sourceTree = "<group>";
		};
		3FE4DB461D5D5BD400A07CB5 /* Supporting Files */ = {
			isa = PBXGroup;
			children = (
				3FE4DB471D5D5BD400A07CB5 /* main.m */,
			);
			name = "Supporting Files";
			sourceTree = "<group>";
		};
		8E8E15121F6242B90093459D /* Views */ = {
			isa = PBXGroup;
			children = (
				8E8E15081F6236020093459D /* PlayingView.h */,
				8E8E15091F6236020093459D /* PlayingView.m */,
				8E8E150B1F6236160093459D /* PlayingView.xib */,
				8E8E150D1F62412E0093459D /* PlayListCell.h */,
				8E8E150E1F62412E0093459D /* PlayListCell.m */,
				8E8E150F1F62412E0093459D /* PlayListCell.xib */,
				8E8E15151F624C2D0093459D /* SongCell.h */,
				8E8E15161F624C2D0093459D /* SongCell.m */,
				8E8E15171F624C2D0093459D /* SongCell.xib */,
				8E0A0FFC1F662FEE000A4DE6 /* PlayingListHeaderCell.h */,
				8E0A0FFD1F662FEE000A4DE6 /* PlayingListHeaderCell.m */,
				8E0A0FFE1F662FEE000A4DE6 /* PlayingListHeaderCell.xib */,
				8E0A10061F66356F000A4DE6 /* ShufflePlayHeaderCell.h */,
				8E0A10071F66356F000A4DE6 /* ShufflePlayHeaderCell.m */,
				8E0A10081F66356F000A4DE6 /* ShufflePlayHeaderCell.xib */,
				8EA31FD31F678C2F005600AD /* PlayingProgressButton.h */,
				8EA31FD41F678C2F005600AD /* PlayingProgressButton.m */,
			);
			name = Views;
			sourceTree = "<group>";
		};
		8E8E15131F6242CC0093459D /* Tools */ = {
			isa = PBXGroup;
			children = (
				8E8E14FF1F6230A60093459D /* AudioPlayer.h */,
				8E8E15001F6230A60093459D /* AudioPlayer.m */,
				8E8E15051F6233F40093459D /* MediaQuery.h */,
				8E8E15061F6233F40093459D /* MediaQuery.m */,
				8E8E151A1F629BDD0093459D /* PlayingInfoModel.h */,
				8E8E151B1F629BDD0093459D /* PlayingInfoModel.m */,
			);
			name = Tools;
			sourceTree = "<group>";
		};
		8E8E15141F6242DE0093459D /* Controllers */ = {
			isa = PBXGroup;
			children = (
				3FE4DB601D5D64AC00A07CB5 /* AllPlayListController.h */,
				3FE4DB611D5D64AC00A07CB5 /* AllPlayListController.m */,
				3F4AE85F1D5D7E2400951EA3 /* OnePlayListController.h */,
				3F4AE8601D5D7E2400951EA3 /* OnePlayListController.m */,
				8E8E14FC1F62301B0093459D /* BaseTableViewController.h */,
				8E8E14FD1F62301B0093459D /* BaseTableViewController.m */,
				8E8E15021F6233310093459D /* CustomTabController.h */,
				8E8E15031F6233310093459D /* CustomTabController.m */,
			);
			name = Controllers;
			sourceTree = "<group>";
		};
/* End PBXGroup section */

/* Begin PBXNativeTarget section */
		3FE4DB421D5D5BD400A07CB5 /* mux */ = {
			isa = PBXNativeTarget;
			buildConfigurationList = 3FE4DB5A1D5D5BD400A07CB5 /* Build configuration list for PBXNativeTarget "mux" */;
			buildPhases = (
				3FE4DB3F1D5D5BD400A07CB5 /* Sources */,
				3FE4DB401D5D5BD400A07CB5 /* Frameworks */,
				3FE4DB411D5D5BD400A07CB5 /* Resources */,
			);
			buildRules = (
			);
			dependencies = (
			);
			name = mux;
			productName = mux;
			productReference = 3FE4DB431D5D5BD400A07CB5 /* mux.app */;
			productType = "com.apple.product-type.application";
		};
/* End PBXNativeTarget section */

/* Begin PBXProject section */
		3FE4DB3B1D5D5BD400A07CB5 /* Project object */ = {
			isa = PBXProject;
			attributes = {
				LastUpgradeCheck = 0720;
				ORGANIZATIONNAME = Jam;
				TargetAttributes = {
					3FE4DB421D5D5BD400A07CB5 = {
						CreatedOnToolsVersion = 7.2.1;
						DevelopmentTeam = 9J7GGU5G9G;
						ProvisioningStyle = Automatic;
					};
				};
			};
			buildConfigurationList = 3FE4DB3E1D5D5BD400A07CB5 /* Build configuration list for PBXProject "mux" */;
			compatibilityVersion = "Xcode 3.2";
			developmentRegion = English;
			hasScannedForEncodings = 0;
			knownRegions = (
				en,
				Base,
			);
			mainGroup = 3FE4DB3A1D5D5BD400A07CB5;
			productRefGroup = 3FE4DB441D5D5BD400A07CB5 /* Products */;
			projectDirPath = "";
			projectRoot = "";
			targets = (
				3FE4DB421D5D5BD400A07CB5 /* mux */,
			);
		};
/* End PBXProject section */

/* Begin PBXResourcesBuildPhase section */
		3FE4DB411D5D5BD400A07CB5 /* Resources */ = {
			isa = PBXResourcesBuildPhase;
			buildActionMask = 2147483647;
			files = (
				8E8E15111F62412E0093459D /* PlayListCell.xib in Resources */,
				8E8E14FB1F622FCD0093459D /* LaunchScreen.storyboard in Resources */,
				8E8E15191F624C2D0093459D /* SongCell.xib in Resources */,
				8E0A10001F662FEE000A4DE6 /* PlayingListHeaderCell.xib in Resources */,
				3FE4DB531D5D5BD400A07CB5 /* Assets.xcassets in Resources */,
				8E8E14F91F622FC10093459D /* Main.storyboard in Resources */,
				8E0A100A1F66356F000A4DE6 /* ShufflePlayHeaderCell.xib in Resources */,
				8E8E150C1F6236160093459D /* PlayingView.xib in Resources */,
			);
			runOnlyForDeploymentPostprocessing = 0;
		};
/* End PBXResourcesBuildPhase section */

/* Begin PBXSourcesBuildPhase section */
		3FE4DB3F1D5D5BD400A07CB5 /* Sources */ = {
			isa = PBXSourcesBuildPhase;
			buildActionMask = 2147483647;
			files = (
				8E0A0FFF1F662FEE000A4DE6 /* PlayingListHeaderCell.m in Sources */,
				8E8E151C1F629BDD0093459D /* PlayingInfoModel.m in Sources */,
				8E8E15101F62412E0093459D /* PlayListCell.m in Sources */,
				3FE4DB4B1D5D5BD400A07CB5 /* AppDelegate.m in Sources */,
				3FE4DB621D5D64AC00A07CB5 /* AllPlayListController.m in Sources */,
				8E8E150A1F6236020093459D /* PlayingView.m in Sources */,
				3F4AE8611D5D7E2400951EA3 /* OnePlayListController.m in Sources */,
				8E8E15011F6230A60093459D /* AudioPlayer.m in Sources */,
				8E0A10091F66356F000A4DE6 /* ShufflePlayHeaderCell.m in Sources */,
				8E8E14FE1F62301B0093459D /* BaseTableViewController.m in Sources */,
				8E8E15181F624C2D0093459D /* SongCell.m in Sources */,
				3FE4DB481D5D5BD400A07CB5 /* main.m in Sources */,
				8EA31FD51F678C2F005600AD /* PlayingProgressButton.m in Sources */,
				8E8E15041F6233310093459D /* CustomTabController.m in Sources */,
				8E8E15071F6233F40093459D /* MediaQuery.m in Sources */,
			);
			runOnlyForDeploymentPostprocessing = 0;
		};
/* End PBXSourcesBuildPhase section */

/* Begin XCBuildConfiguration section */
		3FE4DB581D5D5BD400A07CB5 /* Debug */ = {
			isa = XCBuildConfiguration;
			buildSettings = {
				ALWAYS_SEARCH_USER_PATHS = NO;
				CLANG_CXX_LANGUAGE_STANDARD = "gnu++0x";
				CLANG_CXX_LIBRARY = "libc++";
				CLANG_ENABLE_MODULES = YES;
				CLANG_ENABLE_OBJC_ARC = YES;
				CLANG_WARN_BOOL_CONVERSION = YES;
				CLANG_WARN_CONSTANT_CONVERSION = YES;
				CLANG_WARN_DIRECT_OBJC_ISA_USAGE = YES_ERROR;
				CLANG_WARN_EMPTY_BODY = YES;
				CLANG_WARN_ENUM_CONVERSION = YES;
				CLANG_WARN_INT_CONVERSION = YES;
				CLANG_WARN_OBJC_ROOT_CLASS = YES_ERROR;
				CLANG_WARN_UNREACHABLE_CODE = YES;
				CLANG_WARN__DUPLICATE_METHOD_MATCH = YES;
				"CODE_SIGN_IDENTITY[sdk=iphoneos*]" = "iPhone Developer";
				COPY_PHASE_STRIP = NO;
				DEBUG_INFORMATION_FORMAT = dwarf;
				ENABLE_STRICT_OBJC_MSGSEND = YES;
				ENABLE_TESTABILITY = YES;
				GCC_C_LANGUAGE_STANDARD = gnu99;
				GCC_DYNAMIC_NO_PIC = NO;
				GCC_NO_COMMON_BLOCKS = YES;
				GCC_OPTIMIZATION_LEVEL = 0;
				GCC_PREPROCESSOR_DEFINITIONS = (
					"DEBUG=1",
					"$(inherited)",
				);
				GCC_WARN_64_TO_32_BIT_CONVERSION = YES;
				GCC_WARN_ABOUT_RETURN_TYPE = YES_ERROR;
				GCC_WARN_UNDECLARED_SELECTOR = YES;
				GCC_WARN_UNINITIALIZED_AUTOS = YES_AGGRESSIVE;
				GCC_WARN_UNUSED_FUNCTION = YES;
				GCC_WARN_UNUSED_VARIABLE = YES;
				IPHONEOS_DEPLOYMENT_TARGET = 9.2;
				MTL_ENABLE_DEBUG_INFO = YES;
				ONLY_ACTIVE_ARCH = YES;
				SDKROOT = iphoneos;
			};
			name = Debug;
		};
		3FE4DB591D5D5BD400A07CB5 /* Release */ = {
			isa = XCBuildConfiguration;
			buildSettings = {
				ALWAYS_SEARCH_USER_PATHS = NO;
				CLANG_CXX_LANGUAGE_STANDARD = "gnu++0x";
				CLANG_CXX_LIBRARY = "libc++";
				CLANG_ENABLE_MODULES = YES;
				CLANG_ENABLE_OBJC_ARC = YES;
				CLANG_WARN_BOOL_CONVERSION = YES;
				CLANG_WARN_CONSTANT_CONVERSION = YES;
				CLANG_WARN_DIRECT_OBJC_ISA_USAGE = YES_ERROR;
				CLANG_WARN_EMPTY_BODY = YES;
				CLANG_WARN_ENUM_CONVERSION = YES;
				CLANG_WARN_INT_CONVERSION = YES;
				CLANG_WARN_OBJC_ROOT_CLASS = YES_ERROR;
				CLANG_WARN_UNREACHABLE_CODE = YES;
				CLANG_WARN__DUPLICATE_METHOD_MATCH = YES;
				"CODE_SIGN_IDENTITY[sdk=iphoneos*]" = "iPhone Developer";
				COPY_PHASE_STRIP = NO;
				DEBUG_INFORMATION_FORMAT = "dwarf-with-dsym";
				ENABLE_NS_ASSERTIONS = NO;
				ENABLE_STRICT_OBJC_MSGSEND = YES;
				GCC_C_LANGUAGE_STANDARD = gnu99;
				GCC_NO_COMMON_BLOCKS = YES;
				GCC_WARN_64_TO_32_BIT_CONVERSION = YES;
				GCC_WARN_ABOUT_RETURN_TYPE = YES_ERROR;
				GCC_WARN_UNDECLARED_SELECTOR = YES;
				GCC_WARN_UNINITIALIZED_AUTOS = YES_AGGRESSIVE;
				GCC_WARN_UNUSED_FUNCTION = YES;
				GCC_WARN_UNUSED_VARIABLE = YES;
				IPHONEOS_DEPLOYMENT_TARGET = 9.2;
				MTL_ENABLE_DEBUG_INFO = NO;
				SDKROOT = iphoneos;
				VALIDATE_PRODUCT = YES;
			};
			name = Release;
		};
		3FE4DB5B1D5D5BD400A07CB5 /* Debug */ = {
			isa = XCBuildConfiguration;
			buildSettings = {
				ASSETCATALOG_COMPILER_APPICON_NAME = AppIcon;
				CODE_SIGN_IDENTITY = "iPhone Developer";
				"CODE_SIGN_IDENTITY[sdk=iphoneos*]" = "iPhone Developer";
				DEVELOPMENT_TEAM = "";
				INFOPLIST_FILE = mux/Info.plist;
				IPHONEOS_DEPLOYMENT_TARGET = 8.0;
				LD_RUNPATH_SEARCH_PATHS = "$(inherited) @executable_path/Frameworks";
				PRODUCT_BUNDLE_IDENTIFIER = zjam.mux;
				PRODUCT_NAME = "$(TARGET_NAME)";
				PROVISIONING_PROFILE = "";
				PROVISIONING_PROFILE_SPECIFIER = "";
			};
			name = Debug;
		};
		3FE4DB5C1D5D5BD400A07CB5 /* Release */ = {
			isa = XCBuildConfiguration;
			buildSettings = {
				ASSETCATALOG_COMPILER_APPICON_NAME = AppIcon;
				CODE_SIGN_IDENTITY = "iPhone Developer";
				"CODE_SIGN_IDENTITY[sdk=iphoneos*]" = "iPhone Developer";
				DEVELOPMENT_TEAM = "";
				INFOPLIST_FILE = mux/Info.plist;
				IPHONEOS_DEPLOYMENT_TARGET = 8.0;
				LD_RUNPATH_SEARCH_PATHS = "$(inherited) @executable_path/Frameworks";
				PRODUCT_BUNDLE_IDENTIFIER = zjam.mux;
				PRODUCT_NAME = "$(TARGET_NAME)";
				PROVISIONING_PROFILE = "";
				PROVISIONING_PROFILE_SPECIFIER = "";
			};
			name = Release;
		};
/* End XCBuildConfiguration section */

/* Begin XCConfigurationList section */
		3FE4DB3E1D5D5BD400A07CB5 /* Build configuration list for PBXProject "mux" */ = {
			isa = XCConfigurationList;
			buildConfigurations = (
				3FE4DB581D5D5BD400A07CB5 /* Debug */,
				3FE4DB591D5D5BD400A07CB5 /* Release */,
			);
			defaultConfigurationIsVisible = 0;
			defaultConfigurationName = Release;
		};
		3FE4DB5A1D5D5BD400A07CB5 /* Build configuration list for PBXNativeTarget "mux" */ = {
			isa = XCConfigurationList;
			buildConfigurations = (
				3FE4DB5B1D5D5BD400A07CB5 /* Debug */,
				3FE4DB5C1D5D5BD400A07CB5 /* Release */,
			);
			defaultConfigurationIsVisible = 0;
			defaultConfigurationName = Release;
		};
/* End XCConfigurationList section */
	};
	rootObject = 3FE4DB3B1D5D5BD400A07CB5 /* Project object */;
}
